// !$*UTF8*$!
{
	archiveVersion = 1;
	classes = {
	};
	objectVersion = 56;
	objects = {

/* Begin PBXBuildFile section */
		A6B75F9D2B0D1347003D3A8D /* AppDelegate.swift in Sources */ = {isa = PBXBuildFile; fileRef = A6B75F9C2B0D1347003D3A8D /* AppDelegate.swift */; };
		A6B75F9F2B0D1347003D3A8D /* SceneDelegate.swift in Sources */ = {isa = PBXBuildFile; fileRef = A6B75F9E2B0D1347003D3A8D /* SceneDelegate.swift */; };
		A6B75FA12B0D1347003D3A8D /* ViewController.swift in Sources */ = {isa = PBXBuildFile; fileRef = A6B75FA02B0D1347003D3A8D /* ViewController.swift */; };
		A6B75FA42B0D1347003D3A8D /* Main.storyboard in Resources */ = {isa = PBXBuildFile; fileRef = A6B75FA22B0D1347003D3A8D /* Main.storyboard */; };
		A6B75FA62B0D1349003D3A8D /* Assets.xcassets in Resources */ = {isa = PBXBuildFile; fileRef = A6B75FA52B0D1349003D3A8D /* Assets.xcassets */; };
		A6B75FA92B0D1349003D3A8D /* LaunchScreen.storyboard in Resources */ = {isa = PBXBuildFile; fileRef = A6B75FA72B0D1349003D3A8D /* LaunchScreen.storyboard */; };
		A6B75FB42B0D1349003D3A8D /* GithubTests.swift in Sources */ = {isa = PBXBuildFile; fileRef = A6B75FB32B0D1349003D3A8D /* GithubTests.swift */; };
		A6B75FBE2B0D1349003D3A8D /* GithubUITests.swift in Sources */ = {isa = PBXBuildFile; fileRef = A6B75FBD2B0D1349003D3A8D /* GithubUITests.swift */; };
		A6B75FC02B0D1349003D3A8D /* GithubUITestsLaunchTests.swift in Sources */ = {isa = PBXBuildFile; fileRef = A6B75FBF2B0D1349003D3A8D /* GithubUITestsLaunchTests.swift */; };
/* End PBXBuildFile section */

/* Begin PBXContainerItemProxy section */
		A6B75FB02B0D1349003D3A8D /* PBXContainerItemProxy */ = {
			isa = PBXContainerItemProxy;
			containerPortal = A6B75F912B0D1347003D3A8D /* Project object */;
			proxyType = 1;
			remoteGlobalIDString = A6B75F982B0D1347003D3A8D;
			remoteInfo = Github;
		};
		A6B75FBA2B0D1349003D3A8D /* PBXContainerItemProxy */ = {
			isa = PBXContainerItemProxy;
			containerPortal = A6B75F912B0D1347003D3A8D /* Project object */;
			proxyType = 1;
			remoteGlobalIDString = A6B75F982B0D1347003D3A8D;
			remoteInfo = Github;
		};
/* End PBXContainerItemProxy section */

/* Begin PBXFileReference section */
		A6B75F992B0D1347003D3A8D /* Github.app */ = {isa = PBXFileReference; explicitFileType = wrapper.application; includeInIndex = 0; path = Github.app; sourceTree = BUILT_PRODUCTS_DIR; };
		A6B75F9C2B0D1347003D3A8D /* AppDelegate.swift */ = {isa = PBXFileReference; lastKnownFileType = sourcecode.swift; path = AppDelegate.swift; sourceTree = "<group>"; };
		A6B75F9E2B0D1347003D3A8D /* SceneDelegate.swift */ = {isa = PBXFileReference; lastKnownFileType = sourcecode.swift; path = SceneDelegate.swift; sourceTree = "<group>"; };
		A6B75FA02B0D1347003D3A8D /* ViewController.swift */ = {isa = PBXFileReference; lastKnownFileType = sourcecode.swift; path = ViewController.swift; sourceTree = "<group>"; };
		A6B75FA32B0D1347003D3A8D /* Base */ = {isa = PBXFileReference; lastKnownFileType = file.storyboard; name = Base; path = Base.lproj/Main.storyboard; sourceTree = "<group>"; };
		A6B75FA52B0D1349003D3A8D /* Assets.xcassets */ = {isa = PBXFileReference; lastKnownFileType = folder.assetcatalog; path = Assets.xcassets; sourceTree = "<group>"; };
		A6B75FA82B0D1349003D3A8D /* Base */ = {isa = PBXFileReference; lastKnownFileType = file.storyboard; name = Base; path = Base.lproj/LaunchScreen.storyboard; sourceTree = "<group>"; };
		A6B75FAA2B0D1349003D3A8D /* Info.plist */ = {isa = PBXFileReference; lastKnownFileType = text.plist.xml; path = Info.plist; sourceTree = "<group>"; };
		A6B75FAF2B0D1349003D3A8D /* GithubTests.xctest */ = {isa = PBXFileReference; explicitFileType = wrapper.cfbundle; includeInIndex = 0; path = GithubTests.xctest; sourceTree = BUILT_PRODUCTS_DIR; };
		A6B75FB32B0D1349003D3A8D /* GithubTests.swift */ = {isa = PBXFileReference; lastKnownFileType = sourcecode.swift; path = GithubTests.swift; sourceTree = "<group>"; };
		A6B75FB92B0D1349003D3A8D /* GithubUITests.xctest */ = {isa = PBXFileReference; explicitFileType = wrapper.cfbundle; includeInIndex = 0; path = GithubUITests.xctest; sourceTree = BUILT_PRODUCTS_DIR; };
		A6B75FBD2B0D1349003D3A8D /* GithubUITests.swift */ = {isa = PBXFileReference; lastKnownFileType = sourcecode.swift; path = GithubUITests.swift; sourceTree = "<group>"; };
		A6B75FBF2B0D1349003D3A8D /* GithubUITestsLaunchTests.swift */ = {isa = PBXFileReference; lastKnownFileType = sourcecode.swift; path = GithubUITestsLaunchTests.swift; sourceTree = "<group>"; };
/* End PBXFileReference section */

/* Begin PBXFrameworksBuildPhase section */
		A6B75F962B0D1347003D3A8D /* Frameworks */ = {
			isa = PBXFrameworksBuildPhase;
			buildActionMask = 2147483647;
			files = (
			);
			runOnlyForDeploymentPostprocessing = 0;
		};
		A6B75FAC2B0D1349003D3A8D /* Frameworks */ = {
			isa = PBXFrameworksBuildPhase;
			buildActionMask = 2147483647;
			files = (
			);
			runOnlyForDeploymentPostprocessing = 0;
		};
		A6B75FB62B0D1349003D3A8D /* Frameworks */ = {
			isa = PBXFrameworksBuildPhase;
			buildActionMask = 2147483647;
			files = (
			);
			runOnlyForDeploymentPostprocessing = 0;
		};
/* End PBXFrameworksBuildPhase section */

/* Begin PBXGroup section */
		A6B75F902B0D1347003D3A8D = {
			isa = PBXGroup;
			children = (
				A6B75F9B2B0D1347003D3A8D /* Github */,
				A6B75FB22B0D1349003D3A8D /* GithubTests */,
				A6B75FBC2B0D1349003D3A8D /* GithubUITests */,
				A6B75F9A2B0D1347003D3A8D /* Products */,
			);
			sourceTree = "<group>";
		};
		A6B75F9A2B0D1347003D3A8D /* Products */ = {
			isa = PBXGroup;
			children = (
				A6B75F992B0D1347003D3A8D /* Github.app */,
				A6B75FAF2B0D1349003D3A8D /* GithubTests.xctest */,
				A6B75FB92B0D1349003D3A8D /* GithubUITests.xctest */,
			);
			name = Products;
			sourceTree = "<group>";
		};
		A6B75F9B2B0D1347003D3A8D /* Github */ = {
			isa = PBXGroup;
			children = (
				A6B75F9C2B0D1347003D3A8D /* AppDelegate.swift */,
				A6B75F9E2B0D1347003D3A8D /* SceneDelegate.swift */,
				A6B75FA02B0D1347003D3A8D /* ViewController.swift */,
				A6B75FA22B0D1347003D3A8D /* Main.storyboard */,
				A6B75FA52B0D1349003D3A8D /* Assets.xcassets */,
				A6B75FA72B0D1349003D3A8D /* LaunchScreen.storyboard */,
				A6B75FAA2B0D1349003D3A8D /* Info.plist */,
			);
			path = Github;
			sourceTree = "<group>";
		};
		A6B75FB22B0D1349003D3A8D /* GithubTests */ = {
			isa = PBXGroup;
			children = (
				A6B75FB32B0D1349003D3A8D /* GithubTests.swift */,
			);
			path = GithubTests;
			sourceTree = "<group>";
		};
		A6B75FBC2B0D1349003D3A8D /* GithubUITests */ = {
			isa = PBXGroup;
			children = (
				A6B75FBD2B0D1349003D3A8D /* GithubUITests.swift */,
				A6B75FBF2B0D1349003D3A8D /* GithubUITestsLaunchTests.swift */,
			);
			path = GithubUITests;
			sourceTree = "<group>";
		};
/* End PBXGroup section */

/* Begin PBXNativeTarget section */
		A6B75F982B0D1347003D3A8D /* Github */ = {
			isa = PBXNativeTarget;
			buildConfigurationList = A6B75FC32B0D1349003D3A8D /* Build configuration list for PBXNativeTarget "Github" */;
			buildPhases = (
				A6B75F952B0D1347003D3A8D /* Sources */,
				A6B75F962B0D1347003D3A8D /* Frameworks */,
				A6B75F972B0D1347003D3A8D /* Resources */,
			);
			buildRules = (
			);
			dependencies = (
			);
			name = Github;
			productName = Github;
			productReference = A6B75F992B0D1347003D3A8D /* Github.app */;
			productType = "com.apple.product-type.application";
		};
		A6B75FAE2B0D1349003D3A8D /* GithubTests */ = {
			isa = PBXNativeTarget;
			buildConfigurationList = A6B75FC62B0D1349003D3A8D /* Build configuration list for PBXNativeTarget "GithubTests" */;
			buildPhases = (
				A6B75FAB2B0D1349003D3A8D /* Sources */,
				A6B75FAC2B0D1349003D3A8D /* Frameworks */,
				A6B75FAD2B0D1349003D3A8D /* Resources */,
			);
			buildRules = (
			);
			dependencies = (
				A6B75FB12B0D1349003D3A8D /* PBXTargetDependency */,
			);
			name = GithubTests;
			productName = GithubTests;
			productReference = A6B75FAF2B0D1349003D3A8D /* GithubTests.xctest */;
			productType = "com.apple.product-type.bundle.unit-test";
		};
		A6B75FB82B0D1349003D3A8D /* GithubUITests */ = {
			isa = PBXNativeTarget;
			buildConfigurationList = A6B75FC92B0D1349003D3A8D /* Build configuration list for PBXNativeTarget "GithubUITests" */;
			buildPhases = (
				A6B75FB52B0D1349003D3A8D /* Sources */,
				A6B75FB62B0D1349003D3A8D /* Frameworks */,
				A6B75FB72B0D1349003D3A8D /* Resources */,
			);
			buildRules = (
			);
			dependencies = (
				A6B75FBB2B0D1349003D3A8D /* PBXTargetDependency */,
			);
			name = GithubUITests;
			productName = GithubUITests;
			productReference = A6B75FB92B0D1349003D3A8D /* GithubUITests.xctest */;
			productType = "com.apple.product-type.bundle.ui-testing";
		};
/* End PBXNativeTarget section */

/* Begin PBXProject section */
		A6B75F912B0D1347003D3A8D /* Project object */ = {
			isa = PBXProject;
			attributes = {
				BuildIndependentTargetsInParallel = 1;
				LastSwiftUpdateCheck = 1500;
				LastUpgradeCheck = 1500;
				TargetAttributes = {
					A6B75F982B0D1347003D3A8D = {
						CreatedOnToolsVersion = 15.0.1;
					};
					A6B75FAE2B0D1349003D3A8D = {
						CreatedOnToolsVersion = 15.0.1;
						TestTargetID = A6B75F982B0D1347003D3A8D;
					};
					A6B75FB82B0D1349003D3A8D = {
						CreatedOnToolsVersion = 15.0.1;
						TestTargetID = A6B75F982B0D1347003D3A8D;
					};
				};
			};
			buildConfigurationList = A6B75F942B0D1347003D3A8D /* Build configuration list for PBXProject "Github" */;
			compatibilityVersion = "Xcode 14.0";
			developmentRegion = en;
			hasScannedForEncodings = 0;
			knownRegions = (
				en,
				Base,
			);
			mainGroup = A6B75F902B0D1347003D3A8D;
			productRefGroup = A6B75F9A2B0D1347003D3A8D /* Products */;
			projectDirPath = "";
			projectRoot = "";
			targets = (
				A6B75F982B0D1347003D3A8D /* Github */,
				A6B75FAE2B0D1349003D3A8D /* GithubTests */,
				A6B75FB82B0D1349003D3A8D /* GithubUITests */,
			);
		};
/* End PBXProject section */

/* Begin PBXResourcesBuildPhase section */
		A6B75F972B0D1347003D3A8D /* Resources */ = {
			isa = PBXResourcesBuildPhase;
			buildActionMask = 2147483647;
			files = (
				A6B75FA92B0D1349003D3A8D /* LaunchScreen.storyboard in Resources */,
				A6B75FA62B0D1349003D3A8D /* Assets.xcassets in Resources */,
				A6B75FA42B0D1347003D3A8D /* Main.storyboard in Resources */,
			);
			runOnlyForDeploymentPostprocessing = 0;
		};
		A6B75FAD2B0D1349003D3A8D /* Resources */ = {
			isa = PBXResourcesBuildPhase;
			buildActionMask = 2147483647;
			files = (
			);
			runOnlyForDeploymentPostprocessing = 0;
		};
		A6B75FB72B0D1349003D3A8D /* Resources */ = {
			isa = PBXResourcesBuildPhase;
			buildActionMask = 2147483647;
			files = (
			);
			runOnlyForDeploymentPostprocessing = 0;
		};
/* End PBXResourcesBuildPhase section */

/* Begin PBXSourcesBuildPhase section */
		A6B75F952B0D1347003D3A8D /* Sources */ = {
			isa = PBXSourcesBuildPhase;
			buildActionMask = 2147483647;
			files = (
				A6B75FA12B0D1347003D3A8D /* ViewController.swift in Sources */,
				A6B75F9D2B0D1347003D3A8D /* AppDelegate.swift in Sources */,
				A6B75F9F2B0D1347003D3A8D /* SceneDelegate.swift in Sources */,
			);
			runOnlyForDeploymentPostprocessing = 0;
		};
		A6B75FAB2B0D1349003D3A8D /* Sources */ = {
			isa = PBXSourcesBuildPhase;
			buildActionMask = 2147483647;
			files = (
				A6B75FB42B0D1349003D3A8D /* GithubTests.swift in Sources */,
			);
			runOnlyForDeploymentPostprocessing = 0;
		};
		A6B75FB52B0D1349003D3A8D /* Sources */ = {
			isa = PBXSourcesBuildPhase;
			buildActionMask = 2147483647;
			files = (
				A6B75FBE2B0D1349003D3A8D /* GithubUITests.swift in Sources */,
				A6B75FC02B0D1349003D3A8D /* GithubUITestsLaunchTests.swift in Sources */,
			);
			runOnlyForDeploymentPostprocessing = 0;
		};
/* End PBXSourcesBuildPhase section */

/* Begin PBXTargetDependency section */
		A6B75FB12B0D1349003D3A8D /* PBXTargetDependency */ = {
			isa = PBXTargetDependency;
			target = A6B75F982B0D1347003D3A8D /* Github */;
			targetProxy = A6B75FB02B0D1349003D3A8D /* PBXContainerItemProxy */;
		};
		A6B75FBB2B0D1349003D3A8D /* PBXTargetDependency */ = {
			isa = PBXTargetDependency;
			target = A6B75F982B0D1347003D3A8D /* Github */;
			targetProxy = A6B75FBA2B0D1349003D3A8D /* PBXContainerItemProxy */;
		};
/* End PBXTargetDependency section */

/* Begin PBXVariantGroup section */
		A6B75FA22B0D1347003D3A8D /* Main.storyboard */ = {
			isa = PBXVariantGroup;
			children = (
				A6B75FA32B0D1347003D3A8D /* Base */,
			);
			name = Main.storyboard;
			sourceTree = "<group>";
		};
		A6B75FA72B0D1349003D3A8D /* LaunchScreen.storyboard */ = {
			isa = PBXVariantGroup;
			children = (
				A6B75FA82B0D1349003D3A8D /* Base */,
			);
			name = LaunchScreen.storyboard;
			sourceTree = "<group>";
		};
/* End PBXVariantGroup section */

/* Begin XCBuildConfiguration section */
		A6B75FC12B0D1349003D3A8D /* Debug */ = {
			isa = XCBuildConfiguration;
			buildSettings = {
				ALWAYS_SEARCH_USER_PATHS = NO;
				ASSETCATALOG_COMPILER_GENERATE_SWIFT_ASSET_SYMBOL_EXTENSIONS = YES;
				CLANG_ANALYZER_NONNULL = YES;
				CLANG_ANALYZER_NUMBER_OBJECT_CONVERSION = YES_AGGRESSIVE;
				CLANG_CXX_LANGUAGE_STANDARD = "gnu++20";
				CLANG_ENABLE_MODULES = YES;
				CLANG_ENABLE_OBJC_ARC = YES;
				CLANG_ENABLE_OBJC_WEAK = YES;
				CLANG_WARN_BLOCK_CAPTURE_AUTORELEASING = YES;
				CLANG_WARN_BOOL_CONVERSION = YES;
				CLANG_WARN_COMMA = YES;
				CLANG_WARN_CONSTANT_CONVERSION = YES;
				CLANG_WARN_DEPRECATED_OBJC_IMPLEMENTATIONS = YES;
				CLANG_WARN_DIRECT_OBJC_ISA_USAGE = YES_ERROR;
				CLANG_WARN_DOCUMENTATION_COMMENTS = YES;
				CLANG_WARN_EMPTY_BODY = YES;
				CLANG_WARN_ENUM_CONVERSION = YES;
				CLANG_WARN_INFINITE_RECURSION = YES;
				CLANG_WARN_INT_CONVERSION = YES;
				CLANG_WARN_NON_LITERAL_NULL_CONVERSION = YES;
				CLANG_WARN_OBJC_IMPLICIT_RETAIN_SELF = YES;
				CLANG_WARN_OBJC_LITERAL_CONVERSION = YES;
				CLANG_WARN_OBJC_ROOT_CLASS = YES_ERROR;
				CLANG_WARN_QUOTED_INCLUDE_IN_FRAMEWORK_HEADER = YES;
				CLANG_WARN_RANGE_LOOP_ANALYSIS = YES;
				CLANG_WARN_STRICT_PROTOTYPES = YES;
				CLANG_WARN_SUSPICIOUS_MOVE = YES;
				CLANG_WARN_UNGUARDED_AVAILABILITY = YES_AGGRESSIVE;
				CLANG_WARN_UNREACHABLE_CODE = YES;
				CLANG_WARN__DUPLICATE_METHOD_MATCH = YES;
				COPY_PHASE_STRIP = NO;
				DEBUG_INFORMATION_FORMAT = dwarf;
				ENABLE_STRICT_OBJC_MSGSEND = YES;
				ENABLE_TESTABILITY = YES;
				ENABLE_USER_SCRIPT_SANDBOXING = YES;
				GCC_C_LANGUAGE_STANDARD = gnu17;
				GCC_DYNAMIC_NO_PIC = NO;
				GCC_NO_COMMON_BLOCKS = YES;
				GCC_OPTIMIZATION_LEVEL = 0;
				GCC_PREPROCESSOR_DEFINITIONS = (
					"DEBUG=1",
					"$(inherited)",
				);
				GCC_WARN_64_TO_32_BIT_CONVERSION = YES;
				GCC_WARN_ABOUT_RETURN_TYPE = YES_ERROR;
				GCC_WARN_UNDECLARED_SELECTOR = YES;
				GCC_WARN_UNINITIALIZED_AUTOS = YES_AGGRESSIVE;
				GCC_WARN_UNUSED_FUNCTION = YES;
				GCC_WARN_UNUSED_VARIABLE = YES;
				IPHONEOS_DEPLOYMENT_TARGET = 17.0;
				LOCALIZATION_PREFERS_STRING_CATALOGS = YES;
				MTL_ENABLE_DEBUG_INFO = INCLUDE_SOURCE;
				MTL_FAST_MATH = YES;
				ONLY_ACTIVE_ARCH = YES;
				SDKROOT = iphoneos;
				SWIFT_ACTIVE_COMPILATION_CONDITIONS = "DEBUG $(inherited)";
				SWIFT_OPTIMIZATION_LEVEL = "-Onone";
			};
			name = Debug;
		};
		A6B75FC22B0D1349003D3A8D /* Release */ = {
			isa = XCBuildConfiguration;
			buildSettings = {
				ALWAYS_SEARCH_USER_PATHS = NO;
				ASSETCATALOG_COMPILER_GENERATE_SWIFT_ASSET_SYMBOL_EXTENSIONS = YES;
				CLANG_ANALYZER_NONNULL = YES;
				CLANG_ANALYZER_NUMBER_OBJECT_CONVERSION = YES_AGGRESSIVE;
				CLANG_CXX_LANGUAGE_STANDARD = "gnu++20";
				CLANG_ENABLE_MODULES = YES;
				CLANG_ENABLE_OBJC_ARC = YES;
				CLANG_ENABLE_OBJC_WEAK = YES;
				CLANG_WARN_BLOCK_CAPTURE_AUTORELEASING = YES;
				CLANG_WARN_BOOL_CONVERSION = YES;
				CLANG_WARN_COMMA = YES;
				CLANG_WARN_CONSTANT_CONVERSION = YES;
				CLANG_WARN_DEPRECATED_OBJC_IMPLEMENTATIONS = YES;
				CLANG_WARN_DIRECT_OBJC_ISA_USAGE = YES_ERROR;
				CLANG_WARN_DOCUMENTATION_COMMENTS = YES;
				CLANG_WARN_EMPTY_BODY = YES;
				CLANG_WARN_ENUM_CONVERSION = YES;
				CLANG_WARN_INFINITE_RECURSION = YES;
				CLANG_WARN_INT_CONVERSION = YES;
				CLANG_WARN_NON_LITERAL_NULL_CONVERSION = YES;
				CLANG_WARN_OBJC_IMPLICIT_RETAIN_SELF = YES;
				CLANG_WARN_OBJC_LITERAL_CONVERSION = YES;
				CLANG_WARN_OBJC_ROOT_CLASS = YES_ERROR;
				CLANG_WARN_QUOTED_INCLUDE_IN_FRAMEWORK_HEADER = YES;
				CLANG_WARN_RANGE_LOOP_ANALYSIS = YES;
				CLANG_WARN_STRICT_PROTOTYPES = YES;
				CLANG_WARN_SUSPICIOUS_MOVE = YES;
				CLANG_WARN_UNGUARDED_AVAILABILITY = YES_AGGRESSIVE;
				CLANG_WARN_UNREACHABLE_CODE = YES;
				CLANG_WARN__DUPLICATE_METHOD_MATCH = YES;
				COPY_PHASE_STRIP = NO;
				DEBUG_INFORMATION_FORMAT = "dwarf-with-dsym";
				ENABLE_NS_ASSERTIONS = NO;
				ENABLE_STRICT_OBJC_MSGSEND = YES;
				ENABLE_USER_SCRIPT_SANDBOXING = YES;
				GCC_C_LANGUAGE_STANDARD = gnu17;
				GCC_NO_COMMON_BLOCKS = YES;
				GCC_WARN_64_TO_32_BIT_CONVERSION = YES;
				GCC_WARN_ABOUT_RETURN_TYPE = YES_ERROR;
				GCC_WARN_UNDECLARED_SELECTOR = YES;
				GCC_WARN_UNINITIALIZED_AUTOS = YES_AGGRESSIVE;
				GCC_WARN_UNUSED_FUNCTION = YES;
				GCC_WARN_UNUSED_VARIABLE = YES;
				IPHONEOS_DEPLOYMENT_TARGET = 17.0;
				LOCALIZATION_PREFERS_STRING_CATALOGS = YES;
				MTL_ENABLE_DEBUG_INFO = NO;
				MTL_FAST_MATH = YES;
				SDKROOT = iphoneos;
				SWIFT_COMPILATION_MODE = wholemodule;
				VALIDATE_PRODUCT = YES;
			};
			name = Release;
		};
		A6B75FC42B0D1349003D3A8D /* Debug */ = {
			isa = XCBuildConfiguration;
			buildSettings = {
				ASSETCATALOG_COMPILER_APPICON_NAME = AppIcon;
				ASSETCATALOG_COMPILER_GLOBAL_ACCENT_COLOR_NAME = AccentColor;
				CODE_SIGN_STYLE = Automatic;
				CURRENT_PROJECT_VERSION = 1;
				GENERATE_INFOPLIST_FILE = YES;
				INFOPLIST_FILE = Github/Info.plist;
				INFOPLIST_KEY_UIApplicationSupportsIndirectInputEvents = YES;
				INFOPLIST_KEY_UILaunchStoryboardName = LaunchScreen;
				INFOPLIST_KEY_UIMainStoryboardFile = Main;
				INFOPLIST_KEY_UISupportedInterfaceOrientations_iPad = "UIInterfaceOrientationPortrait UIInterfaceOrientationPortraitUpsideDown UIInterfaceOrientationLandscapeLeft UIInterfaceOrientationLandscapeRight";
				INFOPLIST_KEY_UISupportedInterfaceOrientations_iPhone = "UIInterfaceOrientationPortrait UIInterfaceOrientationLandscapeLeft UIInterfaceOrientationLandscapeRight";
				LD_RUNPATH_SEARCH_PATHS = (
					"$(inherited)",
					"@executable_path/Frameworks",
				);
				MARKETING_VERSION = 1.0;
				PRODUCT_BUNDLE_IDENTIFIER = Codemon.Github;
				PRODUCT_NAME = "$(TARGET_NAME)";
				SWIFT_EMIT_LOC_STRINGS = YES;
				SWIFT_VERSION = 5.0;
				TARGETED_DEVICE_FAMILY = "1,2";
			};
			name = Debug;
		};
		A6B75FC52B0D1349003D3A8D /* Release */ = {
			isa = XCBuildConfiguration;
			buildSettings = {
				ASSETCATALOG_COMPILER_APPICON_NAME = AppIcon;
				ASSETCATALOG_COMPILER_GLOBAL_ACCENT_COLOR_NAME = AccentColor;
				CODE_SIGN_STYLE = Automatic;
				CURRENT_PROJECT_VERSION = 1;
				GENERATE_INFOPLIST_FILE = YES;
				INFOPLIST_FILE = Github/Info.plist;
				INFOPLIST_KEY_UIApplicationSupportsIndirectInputEvents = YES;
				INFOPLIST_KEY_UILaunchStoryboardName = LaunchScreen;
				INFOPLIST_KEY_UIMainStoryboardFile = Main;
				INFOPLIST_KEY_UISupportedInterfaceOrientations_iPad = "UIInterfaceOrientationPortrait UIInterfaceOrientationPortraitUpsideDown UIInterfaceOrientationLandscapeLeft UIInterfaceOrientationLandscapeRight";
				INFOPLIST_KEY_UISupportedInterfaceOrientations_iPhone = "UIInterfaceOrientationPortrait UIInterfaceOrientationLandscapeLeft UIInterfaceOrientationLandscapeRight";
				LD_RUNPATH_SEARCH_PATHS = (
					"$(inherited)",
					"@executable_path/Frameworks",
				);
				MARKETING_VERSION = 1.0;
				PRODUCT_BUNDLE_IDENTIFIER = Codemon.Github;
				PRODUCT_NAME = "$(TARGET_NAME)";
				SWIFT_EMIT_LOC_STRINGS = YES;
				SWIFT_VERSION = 5.0;
				TARGETED_DEVICE_FAMILY = "1,2";
			};
			name = Release;
		};
		A6B75FC72B0D1349003D3A8D /* Debug */ = {
			isa = XCBuildConfiguration;
			buildSettings = {
				ALWAYS_EMBED_SWIFT_STANDARD_LIBRARIES = YES;
				BUNDLE_LOADER = "$(TEST_HOST)";
				CODE_SIGN_STYLE = Automatic;
				CURRENT_PROJECT_VERSION = 1;
				GENERATE_INFOPLIST_FILE = YES;
				IPHONEOS_DEPLOYMENT_TARGET = 17.0;
				MARKETING_VERSION = 1.0;
				PRODUCT_BUNDLE_IDENTIFIER = Codemon.GithubTests;
				PRODUCT_NAME = "$(TARGET_NAME)";
				SWIFT_EMIT_LOC_STRINGS = NO;
				SWIFT_VERSION = 5.0;
				TARGETED_DEVICE_FAMILY = "1,2";
				TEST_HOST = "$(BUILT_PRODUCTS_DIR)/Github.app/$(BUNDLE_EXECUTABLE_FOLDER_PATH)/Github";
			};
			name = Debug;
		};
		A6B75FC82B0D1349003D3A8D /* Release */ = {
			isa = XCBuildConfiguration;
			buildSettings = {
				ALWAYS_EMBED_SWIFT_STANDARD_LIBRARIES = YES;
				BUNDLE_LOADER = "$(TEST_HOST)";
				CODE_SIGN_STYLE = Automatic;
				CURRENT_PROJECT_VERSION = 1;
				GENERATE_INFOPLIST_FILE = YES;
				IPHONEOS_DEPLOYMENT_TARGET = 17.0;
				MARKETING_VERSION = 1.0;
				PRODUCT_BUNDLE_IDENTIFIER = Codemon.GithubTests;
				PRODUCT_NAME = "$(TARGET_NAME)";
				SWIFT_EMIT_LOC_STRINGS = NO;
				SWIFT_VERSION = 5.0;
				TARGETED_DEVICE_FAMILY = "1,2";
				TEST_HOST = "$(BUILT_PRODUCTS_DIR)/Github.app/$(BUNDLE_EXECUTABLE_FOLDER_PATH)/Github";
			};
			name = Release;
		};
		A6B75FCA2B0D1349003D3A8D /* Debug */ = {
			isa = XCBuildConfiguration;
			buildSettings = {
				ALWAYS_EMBED_SWIFT_STANDARD_LIBRARIES = YES;
				CODE_SIGN_STYLE = Automatic;
				CURRENT_PROJECT_VERSION = 1;
				GENERATE_INFOPLIST_FILE = YES;
				MARKETING_VERSION = 1.0;
				PRODUCT_BUNDLE_IDENTIFIER = Codemon.GithubUITests;
				PRODUCT_NAME = "$(TARGET_NAME)";
				SWIFT_EMIT_LOC_STRINGS = NO;
				SWIFT_VERSION = 5.0;
				TARGETED_DEVICE_FAMILY = "1,2";
				TEST_TARGET_NAME = Github;
			};
			name = Debug;
		};
		A6B75FCB2B0D1349003D3A8D /* Release */ = {
			isa = XCBuildConfiguration;
			buildSettings = {
				ALWAYS_EMBED_SWIFT_STANDARD_LIBRARIES = YES;
				CODE_SIGN_STYLE = Automatic;
				CURRENT_PROJECT_VERSION = 1;
				GENERATE_INFOPLIST_FILE = YES;
				MARKETING_VERSION = 1.0;
				PRODUCT_BUNDLE_IDENTIFIER = Codemon.GithubUITests;
				PRODUCT_NAME = "$(TARGET_NAME)";
				SWIFT_EMIT_LOC_STRINGS = NO;
				SWIFT_VERSION = 5.0;
				TARGETED_DEVICE_FAMILY = "1,2";
				TEST_TARGET_NAME = Github;
			};
			name = Release;
		};
/* End XCBuildConfiguration section */

/* Begin XCConfigurationList section */
		A6B75F942B0D1347003D3A8D /* Build configuration list for PBXProject "Github" */ = {
			isa = XCConfigurationList;
			buildConfigurations = (
				A6B75FC12B0D1349003D3A8D /* Debug */,
				A6B75FC22B0D1349003D3A8D /* Release */,
			);
			defaultConfigurationIsVisible = 0;
			defaultConfigurationName = Release;
		};
		A6B75FC32B0D1349003D3A8D /* Build configuration list for PBXNativeTarget "Github" */ = {
			isa = XCConfigurationList;
			buildConfigurations = (
				A6B75FC42B0D1349003D3A8D /* Debug */,
				A6B75FC52B0D1349003D3A8D /* Release */,
			);
			defaultConfigurationIsVisible = 0;
			defaultConfigurationName = Release;
		};
		A6B75FC62B0D1349003D3A8D /* Build configuration list for PBXNativeTarget "GithubTests" */ = {
			isa = XCConfigurationList;
			buildConfigurations = (
				A6B75FC72B0D1349003D3A8D /* Debug */,
				A6B75FC82B0D1349003D3A8D /* Release */,
			);
			defaultConfigurationIsVisible = 0;
			defaultConfigurationName = Release;
		};
		A6B75FC92B0D1349003D3A8D /* Build configuration list for PBXNativeTarget "GithubUITests" */ = {
			isa = XCConfigurationList;
			buildConfigurations = (
				A6B75FCA2B0D1349003D3A8D /* Debug */,
				A6B75FCB2B0D1349003D3A8D /* Release */,
			);
			defaultConfigurationIsVisible = 0;
			defaultConfigurationName = Release;
		};
/* End XCConfigurationList section */
	};
	rootObject = A6B75F912B0D1347003D3A8D /* Project object */;
}
